
Microsoft Visual Studio Solution File, Format Version 12.00
# Visual Studio Version 16
VisualStudioVersion = 16.0.29519.181
MinimumVisualStudioVersion = 10.0.40219.1
Project("{9A19103F-16F7-4668-BE54-9A1E7A4F7556}") = "MvcAppDemo", "MvcAppDemo.csproj", "{4E01E461-D19B-4DC7-8335-3ED0185F75BC}"
EndProject
Global
	GlobalSection(SolutionConfigurationPlatforms) = preSolution
		Debug|Any CPU = Debug|Any CPU
		Release|Any CPU = Release|Any CPU
	EndGlobalSection
	GlobalSection(ProjectConfigurationPlatforms) = postSolution
		{4E01E461-D19B-4DC7-8335-3ED0185F75BC}.Debug|Any CPU.ActiveCfg = Debug|Any CPU
		{4E01E461-D19B-4DC7-8335-3ED0185F75BC}.Debug|Any CPU.Build.0 = Debug|Any CPU
		{4E01E461-D19B-4DC7-8335-3ED0185F75BC}.Release|Any CPU.ActiveCfg = Release|Any CPU
		{4E01E461-D19B-4DC7-8335-3ED0185F75BC}.Release|Any CPU.Build.0 = Release|Any CPU
	EndGlobalSection
	GlobalSection(SolutionProperties) = preSolution
		HideSolutionNode = FALSE
	EndGlobalSection
	GlobalSection(ExtensibilityGlobals) = postSolution
		SolutionGuid = {2AF92273-8B01-46BE-AFCE-7BB8D3A3BCCC}
	EndGlobalSection
EndGlobal
